{
  "name": "my-package-usage",
  "version": "1.0.0",
  "lockfileVersion": 3,
  "requires": true,
  "packages": {
    "": {
      "name": "my-package-usage",
      "version": "1.0.0",
      "license": "ISC",
      "dependencies": {
        "my-package-94812": "^1.0.0"
      }
    },
    "../../../../../.nvm/versions/node/v22.17.0/lib/node_modules/my-package": {
      "version": "0.0.0",
      "extraneous": true,
      "license": "BSD"
    },
    "node_modules/my-package-94812": {
      "version": "1.0.0",
      "resolved": "https://registry.npmjs.org/my-package-94812/-/my-package-94812-1.0.0.tgz",
      "integrity": "sha512-64OIC8ZK47r5mNEyBdxU6foLu2dBUlSisr8d9b0IW8+sj0uHhnV4Qr6fCqSPOomAuUQYy6BCoYdkvk0kx4jbVw==",
      "license": "MIT"
    }
  }
}
