{
  "name": "es-modules-usage",
  "version": "1.0.0",
  "lockfileVersion": 3,
  "requires": true,
  "packages": {
    "": {
      "name": "es-modules-usage",
      "version": "1.0.0",
      "license": "ISC",
      "dependencies": {
        "my-package-94812": "^1.0.1"
      }
    },
    "../my-package-94812": {
      "version": "1.0.0",
      "extraneous": true,
      "license": "MIT"
    },
    "node_modules/my-package-94812": {
      "version": "1.0.1",
      "resolved": "https://registry.npmjs.org/my-package-94812/-/my-package-94812-1.0.1.tgz",
      "integrity": "sha512-xdpFYOriBEfm6X41RPyeAptM8ZDC10s84y1Tc3IHXmhk2/TtmNjYp7YSWkofu8JIc9jA0vsy0zJdA+KdsS0p1Q==",
      "license": "MIT"
    }
  }
}
